
Microsoft Visual Studio Solution File, Format Version 12.00
# Visual Studio Version 17
VisualStudioVersion = 17.7.34031.279
MinimumVisualStudioVersion = 10.0.40219.1
Project("{9A19103F-16F7-4668-BE54-9A1E7A4F7556}") = "Task1", "Task1\Task1.csproj", "{6EDD807C-75CB-4F5E-BF0D-663662956073}"
EndProject
Project("{FAE04EC0-301F-11D3-BF4B-00C04F79EFBC}") = "Task2", "Task2\Task2.csproj", "{4361D75A-6209-4CE2-931A-7DC9818698A6}"
EndProject
Project("{FAE04EC0-301F-11D3-BF4B-00C04F79EFBC}") = "Task3", "Task3\Task3.csproj", "{0EBABF13-C80E-47A5-B9BE-7892FD2E4B92}"
EndProject
Global
	GlobalSection(SolutionConfigurationPlatforms) = preSolution
		Debug|Any CPU = Debug|Any CPU
		Release|Any CPU = Release|Any CPU
	EndGlobalSection
	GlobalSection(ProjectConfigurationPlatforms) = postSolution
		{6EDD807C-75CB-4F5E-BF0D-663662956073}.Debug|Any CPU.ActiveCfg = Debug|Any CPU
		{6EDD807C-75CB-4F5E-BF0D-663662956073}.Debug|Any CPU.Build.0 = Debug|Any CPU
		{6EDD807C-75CB-4F5E-BF0D-663662956073}.Release|Any CPU.ActiveCfg = Release|Any CPU
		{6EDD807C-75CB-4F5E-BF0D-663662956073}.Release|Any CPU.Build.0 = Release|Any CPU
		{4361D75A-6209-4CE2-931A-7DC9818698A6}.Debug|Any CPU.ActiveCfg = Debug|Any CPU
		{4361D75A-6209-4CE2-931A-7DC9818698A6}.Debug|Any CPU.Build.0 = Debug|Any CPU
		{4361D75A-6209-4CE2-931A-7DC9818698A6}.Release|Any CPU.ActiveCfg = Release|Any CPU
		{4361D75A-6209-4CE2-931A-7DC9818698A6}.Release|Any CPU.Build.0 = Release|Any CPU
		{0EBABF13-C80E-47A5-B9BE-7892FD2E4B92}.Debug|Any CPU.ActiveCfg = Debug|Any CPU
		{0EBABF13-C80E-47A5-B9BE-7892FD2E4B92}.Debug|Any CPU.Build.0 = Debug|Any CPU
		{0EBABF13-C80E-47A5-B9BE-7892FD2E4B92}.Release|Any CPU.ActiveCfg = Release|Any CPU
		{0EBABF13-C80E-47A5-B9BE-7892FD2E4B92}.Release|Any CPU.Build.0 = Release|Any CPU
	EndGlobalSection
	GlobalSection(SolutionProperties) = preSolution
		HideSolutionNode = FALSE
	EndGlobalSection
	GlobalSection(ExtensibilityGlobals) = postSolution
		SolutionGuid = {9B01A02E-0997-4614-874E-BC164F067426}
	EndGlobalSection
EndGlobal
